// !$*UTF8*$!
{
	archiveVersion = 1;
	classes = {
	};
	objectVersion = 46;
	objects = {

/* Begin PBXBuildFile section */
		29040F2EAEE8AD414381CF29 /* Pods_Bliss_Assignement.framework in Frameworks */ = {isa = PBXBuildFile; fileRef = 6A2FB9F5A2A7FE1F3BD9BFDB /* Pods_Bliss_Assignement.framework */; };
		756E174C1DAE59830007F40A /* AppDelegate.swift in Sources */ = {isa = PBXBuildFile; fileRef = 756E174B1DAE59830007F40A /* AppDelegate.swift */; };
		756E17511DAE59830007F40A /* Main.storyboard in Resources */ = {isa = PBXBuildFile; fileRef = 756E174F1DAE59830007F40A /* Main.storyboard */; };
		756E17531DAE59830007F40A /* Assets.xcassets in Resources */ = {isa = PBXBuildFile; fileRef = 756E17521DAE59830007F40A /* Assets.xcassets */; };
		756E17561DAE59830007F40A /* LaunchScreen.storyboard in Resources */ = {isa = PBXBuildFile; fileRef = 756E17541DAE59830007F40A /* LaunchScreen.storyboard */; };
		758DC72E1DAF8F6700F07ACA /* QuestionsViewController.swift in Sources */ = {isa = PBXBuildFile; fileRef = 758DC72D1DAF8F6700F07ACA /* QuestionsViewController.swift */; };
		758DC7301DAF943200F07ACA /* NetworkClient+Questions.swift in Sources */ = {isa = PBXBuildFile; fileRef = 758DC72F1DAF943200F07ACA /* NetworkClient+Questions.swift */; };
		758DC7331DAF9CCF00F07ACA /* DataManager.swift in Sources */ = {isa = PBXBuildFile; fileRef = 758DC7321DAF9CCF00F07ACA /* DataManager.swift */; };
		758DC7361DAF9E3300F07ACA /* Question.swift in Sources */ = {isa = PBXBuildFile; fileRef = 758DC7351DAF9E3300F07ACA /* Question.swift */; };
		758DC7381DAF9F9A00F07ACA /* Choice.swift in Sources */ = {isa = PBXBuildFile; fileRef = 758DC7371DAF9F9A00F07ACA /* Choice.swift */; };
		758DC73C1DAFA77600F07ACA /* QuestionTableViewCell.swift in Sources */ = {isa = PBXBuildFile; fileRef = 758DC73A1DAFA77600F07ACA /* QuestionTableViewCell.swift */; };
		758DC73D1DAFA77600F07ACA /* QuestionTableViewCell.xib in Resources */ = {isa = PBXBuildFile; fileRef = 758DC73B1DAFA77600F07ACA /* QuestionTableViewCell.xib */; };
		758DC73F1DAFE57B00F07ACA /* QuestionDetailsViewController.swift in Sources */ = {isa = PBXBuildFile; fileRef = 758DC73E1DAFE57B00F07ACA /* QuestionDetailsViewController.swift */; };
		758DC7411DAFF6D100F07ACA /* ProgressHUD.swift in Sources */ = {isa = PBXBuildFile; fileRef = 758DC7401DAFF6D100F07ACA /* ProgressHUD.swift */; };
		758DC7431DB004D700F07ACA /* NetworkClient+Share.swift in Sources */ = {isa = PBXBuildFile; fileRef = 758DC7421DB004D700F07ACA /* NetworkClient+Share.swift */; };
		758DC7491DB008C000F07ACA /* ShareView.swift in Sources */ = {isa = PBXBuildFile; fileRef = 758DC7481DB008C000F07ACA /* ShareView.swift */; };
		758DC74B1DB008CD00F07ACA /* ShareView.xib in Resources */ = {isa = PBXBuildFile; fileRef = 758DC74A1DB008CD00F07ACA /* ShareView.xib */; };
		758DC74D1DB01C1800F07ACA /* NetworkUnreachableView.swift in Sources */ = {isa = PBXBuildFile; fileRef = 758DC74C1DB01C1800F07ACA /* NetworkUnreachableView.swift */; };
		758DC74F1DB01C2200F07ACA /* NetworkUnreachableView.xib in Resources */ = {isa = PBXBuildFile; fileRef = 758DC74E1DB01C2200F07ACA /* NetworkUnreachableView.xib */; };
		759978071DAE8A8300B74AD7 /* BaseHTTPManager.swift in Sources */ = {isa = PBXBuildFile; fileRef = 759978061DAE8A8300B74AD7 /* BaseHTTPManager.swift */; };
		759978091DAE8AEC00B74AD7 /* Request+Logging.swift in Sources */ = {isa = PBXBuildFile; fileRef = 759978081DAE8AEC00B74AD7 /* Request+Logging.swift */; };
		7599780C1DAE8B8E00B74AD7 /* NetworkClient.swift in Sources */ = {isa = PBXBuildFile; fileRef = 7599780B1DAE8B8E00B74AD7 /* NetworkClient.swift */; };
		7599780E1DAE8DA000B74AD7 /* NetworkClient+HealthStatus.swift in Sources */ = {isa = PBXBuildFile; fileRef = 7599780D1DAE8DA000B74AD7 /* NetworkClient+HealthStatus.swift */; };
		759978151DAED83300B74AD7 /* LoadingViewController.swift in Sources */ = {isa = PBXBuildFile; fileRef = 759978121DAEA32700B74AD7 /* LoadingViewController.swift */; };
/* End PBXBuildFile section */

/* Begin PBXFileReference section */
		1C436F714513BD01079016C8 /* Pods-Bliss-Assignement.release.xcconfig */ = {isa = PBXFileReference; includeInIndex = 1; lastKnownFileType = text.xcconfig; name = "Pods-Bliss-Assignement.release.xcconfig"; path = "Pods/Target Support Files/Pods-Bliss-Assignement/Pods-Bliss-Assignement.release.xcconfig"; sourceTree = "<group>"; };
		6A2FB9F5A2A7FE1F3BD9BFDB /* Pods_Bliss_Assignement.framework */ = {isa = PBXFileReference; explicitFileType = wrapper.framework; includeInIndex = 0; path = Pods_Bliss_Assignement.framework; sourceTree = BUILT_PRODUCTS_DIR; };
		756E17481DAE59830007F40A /* Bliss-Assignement.app */ = {isa = PBXFileReference; explicitFileType = wrapper.application; includeInIndex = 0; path = "Bliss-Assignement.app"; sourceTree = BUILT_PRODUCTS_DIR; };
		756E174B1DAE59830007F40A /* AppDelegate.swift */ = {isa = PBXFileReference; lastKnownFileType = sourcecode.swift; path = AppDelegate.swift; sourceTree = "<group>"; };
		756E17501DAE59830007F40A /* Base */ = {isa = PBXFileReference; lastKnownFileType = file.storyboard; name = Base; path = Base.lproj/Main.storyboard; sourceTree = "<group>"; };
		756E17521DAE59830007F40A /* Assets.xcassets */ = {isa = PBXFileReference; lastKnownFileType = folder.assetcatalog; path = Assets.xcassets; sourceTree = "<group>"; };
		756E17551DAE59830007F40A /* Base */ = {isa = PBXFileReference; lastKnownFileType = file.storyboard; name = Base; path = Base.lproj/LaunchScreen.storyboard; sourceTree = "<group>"; };
		756E17571DAE59830007F40A /* Info.plist */ = {isa = PBXFileReference; lastKnownFileType = text.plist.xml; path = Info.plist; sourceTree = "<group>"; };
		758DC72D1DAF8F6700F07ACA /* QuestionsViewController.swift */ = {isa = PBXFileReference; fileEncoding = 4; lastKnownFileType = sourcecode.swift; path = QuestionsViewController.swift; sourceTree = "<group>"; };
		758DC72F1DAF943200F07ACA /* NetworkClient+Questions.swift */ = {isa = PBXFileReference; fileEncoding = 4; lastKnownFileType = sourcecode.swift; name = "NetworkClient+Questions.swift"; path = "Core Layer/Network/Client/NetworkClient+Questions.swift"; sourceTree = "<group>"; };
		758DC7321DAF9CCF00F07ACA /* DataManager.swift */ = {isa = PBXFileReference; fileEncoding = 4; lastKnownFileType = sourcecode.swift; name = DataManager.swift; path = "Core Layer/Data/DataManager.swift"; sourceTree = "<group>"; };
		758DC7351DAF9E3300F07ACA /* Question.swift */ = {isa = PBXFileReference; fileEncoding = 4; lastKnownFileType = sourcecode.swift; name = Question.swift; path = "Core Layer/Data/Model/Question.swift"; sourceTree = "<group>"; };
		758DC7371DAF9F9A00F07ACA /* Choice.swift */ = {isa = PBXFileReference; fileEncoding = 4; lastKnownFileType = sourcecode.swift; name = Choice.swift; path = "Core Layer/Data/Model/Choice.swift"; sourceTree = "<group>"; };
		758DC73A1DAFA77600F07ACA /* QuestionTableViewCell.swift */ = {isa = PBXFileReference; fileEncoding = 4; lastKnownFileType = sourcecode.swift; name = QuestionTableViewCell.swift; path = Views/QuestionTableViewCell.swift; sourceTree = "<group>"; };
		758DC73B1DAFA77600F07ACA /* QuestionTableViewCell.xib */ = {isa = PBXFileReference; fileEncoding = 4; lastKnownFileType = file.xib; name = QuestionTableViewCell.xib; path = Views/QuestionTableViewCell.xib; sourceTree = "<group>"; };
		758DC73E1DAFE57B00F07ACA /* QuestionDetailsViewController.swift */ = {isa = PBXFileReference; fileEncoding = 4; lastKnownFileType = sourcecode.swift; path = QuestionDetailsViewController.swift; sourceTree = "<group>"; };
		758DC7401DAFF6D100F07ACA /* ProgressHUD.swift */ = {isa = PBXFileReference; fileEncoding = 4; lastKnownFileType = sourcecode.swift; name = ProgressHUD.swift; path = Views/ProgressHUD.swift; sourceTree = "<group>"; };
		758DC7421DB004D700F07ACA /* NetworkClient+Share.swift */ = {isa = PBXFileReference; fileEncoding = 4; lastKnownFileType = sourcecode.swift; name = "NetworkClient+Share.swift"; path = "Core Layer/Network/Client/NetworkClient+Share.swift"; sourceTree = "<group>"; };
		758DC7481DB008C000F07ACA /* ShareView.swift */ = {isa = PBXFileReference; fileEncoding = 4; lastKnownFileType = sourcecode.swift; name = ShareView.swift; path = Views/ShareView.swift; sourceTree = "<group>"; };
		758DC74A1DB008CD00F07ACA /* ShareView.xib */ = {isa = PBXFileReference; fileEncoding = 4; lastKnownFileType = file.xib; name = ShareView.xib; path = Views/ShareView.xib; sourceTree = "<group>"; };
		758DC74C1DB01C1800F07ACA /* NetworkUnreachableView.swift */ = {isa = PBXFileReference; fileEncoding = 4; lastKnownFileType = sourcecode.swift; name = NetworkUnreachableView.swift; path = Views/NetworkUnreachableView.swift; sourceTree = "<group>"; };
		758DC74E1DB01C2200F07ACA /* NetworkUnreachableView.xib */ = {isa = PBXFileReference; fileEncoding = 4; lastKnownFileType = file.xib; name = NetworkUnreachableView.xib; path = Views/NetworkUnreachableView.xib; sourceTree = "<group>"; };
		759978061DAE8A8300B74AD7 /* BaseHTTPManager.swift */ = {isa = PBXFileReference; fileEncoding = 4; lastKnownFileType = sourcecode.swift; name = BaseHTTPManager.swift; path = "Core Layer/Network/HTTP Manager/BaseHTTPManager.swift"; sourceTree = "<group>"; };
		759978081DAE8AEC00B74AD7 /* Request+Logging.swift */ = {isa = PBXFileReference; fileEncoding = 4; lastKnownFileType = sourcecode.swift; name = "Request+Logging.swift"; path = "Core Layer/Network/HTTP Manager/Request+Logging.swift"; sourceTree = "<group>"; };
		7599780B1DAE8B8E00B74AD7 /* NetworkClient.swift */ = {isa = PBXFileReference; fileEncoding = 4; lastKnownFileType = sourcecode.swift; name = NetworkClient.swift; path = "Core Layer/Network/Client/NetworkClient.swift"; sourceTree = "<group>"; };
		7599780D1DAE8DA000B74AD7 /* NetworkClient+HealthStatus.swift */ = {isa = PBXFileReference; fileEncoding = 4; lastKnownFileType = sourcecode.swift; name = "NetworkClient+HealthStatus.swift"; path = "Core Layer/Network/Client/NetworkClient+HealthStatus.swift"; sourceTree = "<group>"; };
		759978121DAEA32700B74AD7 /* LoadingViewController.swift */ = {isa = PBXFileReference; fileEncoding = 4; lastKnownFileType = sourcecode.swift; path = LoadingViewController.swift; sourceTree = "<group>"; };
		AE0520570968BCBA5A0D047F /* Pods-Bliss-Assignement.debug.xcconfig */ = {isa = PBXFileReference; includeInIndex = 1; lastKnownFileType = text.xcconfig; name = "Pods-Bliss-Assignement.debug.xcconfig"; path = "Pods/Target Support Files/Pods-Bliss-Assignement/Pods-Bliss-Assignement.debug.xcconfig"; sourceTree = "<group>"; };
/* End PBXFileReference section */

/* Begin PBXFrameworksBuildPhase section */
		756E17451DAE59830007F40A /* Frameworks */ = {
			isa = PBXFrameworksBuildPhase;
			buildActionMask = 2147483647;
			files = (
				29040F2EAEE8AD414381CF29 /* Pods_Bliss_Assignement.framework in Frameworks */,
			);
			runOnlyForDeploymentPostprocessing = 0;
		};
/* End PBXFrameworksBuildPhase section */

/* Begin PBXGroup section */
		3EAD1F510B88BA948EB2F033 /* Pods */ = {
			isa = PBXGroup;
			children = (
				AE0520570968BCBA5A0D047F /* Pods-Bliss-Assignement.debug.xcconfig */,
				1C436F714513BD01079016C8 /* Pods-Bliss-Assignement.release.xcconfig */,
			);
			name = Pods;
			sourceTree = "<group>";
		};
		75480E8E1DAE882900DA65DF /* Core Layer */ = {
			isa = PBXGroup;
			children = (
				758DC7311DAF9CB300F07ACA /* Data */,
				759978041DAE887000B74AD7 /* Network */,
			);
			name = "Core Layer";
			sourceTree = "<group>";
		};
		756E173F1DAE59830007F40A = {
			isa = PBXGroup;
			children = (
				756E174A1DAE59830007F40A /* Bliss-Assignement */,
				756E17491DAE59830007F40A /* Products */,
				3EAD1F510B88BA948EB2F033 /* Pods */,
				8E0C38791C331BF676B8B412 /* Frameworks */,
			);
			sourceTree = "<group>";
		};
		756E17491DAE59830007F40A /* Products */ = {
			isa = PBXGroup;
			children = (
				756E17481DAE59830007F40A /* Bliss-Assignement.app */,
			);
			name = Products;
			sourceTree = "<group>";
		};
		756E174A1DAE59830007F40A /* Bliss-Assignement */ = {
			isa = PBXGroup;
			children = (
				756E174B1DAE59830007F40A /* AppDelegate.swift */,
				756E174F1DAE59830007F40A /* Main.storyboard */,
				759978121DAEA32700B74AD7 /* LoadingViewController.swift */,
				758DC72D1DAF8F6700F07ACA /* QuestionsViewController.swift */,
				758DC73E1DAFE57B00F07ACA /* QuestionDetailsViewController.swift */,
				758DC7391DAFA74A00F07ACA /* Views */,
				75480E8E1DAE882900DA65DF /* Core Layer */,
				759978031DAE885900B74AD7 /* Support Files */,
			);
			path = "Bliss-Assignement";
			sourceTree = "<group>";
		};
		758DC7311DAF9CB300F07ACA /* Data */ = {
			isa = PBXGroup;
			children = (
				758DC7341DAF9DFD00F07ACA /* Model */,
				758DC7321DAF9CCF00F07ACA /* DataManager.swift */,
			);
			name = Data;
			sourceTree = "<group>";
		};
		758DC7341DAF9DFD00F07ACA /* Model */ = {
			isa = PBXGroup;
			children = (
				758DC7351DAF9E3300F07ACA /* Question.swift */,
				758DC7371DAF9F9A00F07ACA /* Choice.swift */,
			);
			name = Model;
			sourceTree = "<group>";
		};
		758DC7391DAFA74A00F07ACA /* Views */ = {
			isa = PBXGroup;
			children = (
				758DC73A1DAFA77600F07ACA /* QuestionTableViewCell.swift */,
				758DC73B1DAFA77600F07ACA /* QuestionTableViewCell.xib */,
				758DC7401DAFF6D100F07ACA /* ProgressHUD.swift */,
				758DC7481DB008C000F07ACA /* ShareView.swift */,
				758DC74A1DB008CD00F07ACA /* ShareView.xib */,
				758DC74C1DB01C1800F07ACA /* NetworkUnreachableView.swift */,
				758DC74E1DB01C2200F07ACA /* NetworkUnreachableView.xib */,
			);
			name = Views;
			sourceTree = "<group>";
		};
		759978031DAE885900B74AD7 /* Support Files */ = {
			isa = PBXGroup;
			children = (
				756E17541DAE59830007F40A /* LaunchScreen.storyboard */,
				756E17521DAE59830007F40A /* Assets.xcassets */,
				756E17571DAE59830007F40A /* Info.plist */,
			);
			name = "Support Files";
			sourceTree = "<group>";
		};
		759978041DAE887000B74AD7 /* Network */ = {
			isa = PBXGroup;
			children = (
				759978051DAE8A5400B74AD7 /* HTTP Manager */,
				7599780A1DAE8B7500B74AD7 /* Client */,
			);
			name = Network;
			sourceTree = "<group>";
		};
		759978051DAE8A5400B74AD7 /* HTTP Manager */ = {
			isa = PBXGroup;
			children = (
				759978061DAE8A8300B74AD7 /* BaseHTTPManager.swift */,
				759978081DAE8AEC00B74AD7 /* Request+Logging.swift */,
			);
			name = "HTTP Manager";
			sourceTree = "<group>";
		};
		7599780A1DAE8B7500B74AD7 /* Client */ = {
			isa = PBXGroup;
			children = (
				7599780B1DAE8B8E00B74AD7 /* NetworkClient.swift */,
				7599780D1DAE8DA000B74AD7 /* NetworkClient+HealthStatus.swift */,
				758DC72F1DAF943200F07ACA /* NetworkClient+Questions.swift */,
				758DC7421DB004D700F07ACA /* NetworkClient+Share.swift */,
			);
			name = Client;
			sourceTree = "<group>";
		};
		8E0C38791C331BF676B8B412 /* Frameworks */ = {
			isa = PBXGroup;
			children = (
				6A2FB9F5A2A7FE1F3BD9BFDB /* Pods_Bliss_Assignement.framework */,
			);
			name = Frameworks;
			sourceTree = "<group>";
		};
/* End PBXGroup section */

/* Begin PBXNativeTarget section */
		756E17471DAE59830007F40A /* Bliss-Assignement */ = {
			isa = PBXNativeTarget;
			buildConfigurationList = 756E175A1DAE59830007F40A /* Build configuration list for PBXNativeTarget "Bliss-Assignement" */;
			buildPhases = (
				F81FC475876286CFF6B13D8E /* [CP] Check Pods Manifest.lock */,
				756E17441DAE59830007F40A /* Sources */,
				756E17451DAE59830007F40A /* Frameworks */,
				756E17461DAE59830007F40A /* Resources */,
				CB2DAC34043009180B45BFEB /* [CP] Embed Pods Frameworks */,
				9C529BFF261FCF9CF72EDE83 /* [CP] Copy Pods Resources */,
			);
			buildRules = (
			);
			dependencies = (
			);
			name = "Bliss-Assignement";
			productName = "Bliss-Assignement";
			productReference = 756E17481DAE59830007F40A /* Bliss-Assignement.app */;
			productType = "com.apple.product-type.application";
		};
/* End PBXNativeTarget section */

/* Begin PBXProject section */
		756E17401DAE59830007F40A /* Project object */ = {
			isa = PBXProject;
			attributes = {
				LastSwiftUpdateCheck = 0800;
				LastUpgradeCheck = 0800;
				ORGANIZATIONNAME = "Jorge Mendes";
				TargetAttributes = {
					756E17471DAE59830007F40A = {
						CreatedOnToolsVersion = 8.0;
						ProvisioningStyle = Automatic;
					};
				};
			};
			buildConfigurationList = 756E17431DAE59830007F40A /* Build configuration list for PBXProject "Bliss-Assignement" */;
			compatibilityVersion = "Xcode 3.2";
			developmentRegion = English;
			hasScannedForEncodings = 0;
			knownRegions = (
				en,
				Base,
			);
			mainGroup = 756E173F1DAE59830007F40A;
			productRefGroup = 756E17491DAE59830007F40A /* Products */;
			projectDirPath = "";
			projectRoot = "";
			targets = (
				756E17471DAE59830007F40A /* Bliss-Assignement */,
			);
		};
/* End PBXProject section */

/* Begin PBXResourcesBuildPhase section */
		756E17461DAE59830007F40A /* Resources */ = {
			isa = PBXResourcesBuildPhase;
			buildActionMask = 2147483647;
			files = (
				756E17561DAE59830007F40A /* LaunchScreen.storyboard in Resources */,
				758DC73D1DAFA77600F07ACA /* QuestionTableViewCell.xib in Resources */,
				756E17531DAE59830007F40A /* Assets.xcassets in Resources */,
				758DC74B1DB008CD00F07ACA /* ShareView.xib in Resources */,
				758DC74F1DB01C2200F07ACA /* NetworkUnreachableView.xib in Resources */,
				756E17511DAE59830007F40A /* Main.storyboard in Resources */,
			);
			runOnlyForDeploymentPostprocessing = 0;
		};
/* End PBXResourcesBuildPhase section */

/* Begin PBXShellScriptBuildPhase section */
		9C529BFF261FCF9CF72EDE83 /* [CP] Copy Pods Resources */ = {
			isa = PBXShellScriptBuildPhase;
			buildActionMask = 2147483647;
			files = (
			);
			inputPaths = (
			);
			name = "[CP] Copy Pods Resources";
			outputPaths = (
			);
			runOnlyForDeploymentPostprocessing = 0;
			shellPath = /bin/sh;
			shellScript = "\"${SRCROOT}/Pods/Target Support Files/Pods-Bliss-Assignement/Pods-Bliss-Assignement-resources.sh\"\n";
			showEnvVarsInLog = 0;
		};
		CB2DAC34043009180B45BFEB /* [CP] Embed Pods Frameworks */ = {
			isa = PBXShellScriptBuildPhase;
			buildActionMask = 2147483647;
			files = (
			);
			inputPaths = (
			);
			name = "[CP] Embed Pods Frameworks";
			outputPaths = (
			);
			runOnlyForDeploymentPostprocessing = 0;
			shellPath = /bin/sh;
			shellScript = "\"${SRCROOT}/Pods/Target Support Files/Pods-Bliss-Assignement/Pods-Bliss-Assignement-frameworks.sh\"\n";
			showEnvVarsInLog = 0;
		};
		F81FC475876286CFF6B13D8E /* [CP] Check Pods Manifest.lock */ = {
			isa = PBXShellScriptBuildPhase;
			buildActionMask = 2147483647;
			files = (
			);
			inputPaths = (
			);
			name = "[CP] Check Pods Manifest.lock";
			outputPaths = (
			);
			runOnlyForDeploymentPostprocessing = 0;
			shellPath = /bin/sh;
			shellScript = "diff \"${PODS_ROOT}/../Podfile.lock\" \"${PODS_ROOT}/Manifest.lock\" > /dev/null\nif [[ $? != 0 ]] ; then\n    cat << EOM\nerror: The sandbox is not in sync with the Podfile.lock. Run 'pod install' or update your CocoaPods installation.\nEOM\n    exit 1\nfi\n";
			showEnvVarsInLog = 0;
		};
/* End PBXShellScriptBuildPhase section */

/* Begin PBXSourcesBuildPhase section */
		756E17441DAE59830007F40A /* Sources */ = {
			isa = PBXSourcesBuildPhase;
			buildActionMask = 2147483647;
			files = (
				759978151DAED83300B74AD7 /* LoadingViewController.swift in Sources */,
				758DC72E1DAF8F6700F07ACA /* QuestionsViewController.swift in Sources */,
				758DC7381DAF9F9A00F07ACA /* Choice.swift in Sources */,
				759978071DAE8A8300B74AD7 /* BaseHTTPManager.swift in Sources */,
				7599780E1DAE8DA000B74AD7 /* NetworkClient+HealthStatus.swift in Sources */,
				758DC7431DB004D700F07ACA /* NetworkClient+Share.swift in Sources */,
				758DC74D1DB01C1800F07ACA /* NetworkUnreachableView.swift in Sources */,
				758DC73F1DAFE57B00F07ACA /* QuestionDetailsViewController.swift in Sources */,
				758DC7411DAFF6D100F07ACA /* ProgressHUD.swift in Sources */,
				758DC7491DB008C000F07ACA /* ShareView.swift in Sources */,
				756E174C1DAE59830007F40A /* AppDelegate.swift in Sources */,
				758DC7361DAF9E3300F07ACA /* Question.swift in Sources */,
				7599780C1DAE8B8E00B74AD7 /* NetworkClient.swift in Sources */,
				759978091DAE8AEC00B74AD7 /* Request+Logging.swift in Sources */,
				758DC73C1DAFA77600F07ACA /* QuestionTableViewCell.swift in Sources */,
				758DC7331DAF9CCF00F07ACA /* DataManager.swift in Sources */,
				758DC7301DAF943200F07ACA /* NetworkClient+Questions.swift in Sources */,
			);
			runOnlyForDeploymentPostprocessing = 0;
		};
/* End PBXSourcesBuildPhase section */

/* Begin PBXVariantGroup section */
		756E174F1DAE59830007F40A /* Main.storyboard */ = {
			isa = PBXVariantGroup;
			children = (
				756E17501DAE59830007F40A /* Base */,
			);
			name = Main.storyboard;
			sourceTree = "<group>";
		};
		756E17541DAE59830007F40A /* LaunchScreen.storyboard */ = {
			isa = PBXVariantGroup;
			children = (
				756E17551DAE59830007F40A /* Base */,
			);
			name = LaunchScreen.storyboard;
			sourceTree = "<group>";
		};
/* End PBXVariantGroup section */

/* Begin XCBuildConfiguration section */
		756E17581DAE59830007F40A /* Debug */ = {
			isa = XCBuildConfiguration;
			buildSettings = {
				ALWAYS_SEARCH_USER_PATHS = NO;
				CLANG_ANALYZER_NONNULL = YES;
				CLANG_CXX_LANGUAGE_STANDARD = "gnu++0x";
				CLANG_CXX_LIBRARY = "libc++";
				CLANG_ENABLE_MODULES = YES;
				CLANG_ENABLE_OBJC_ARC = YES;
				CLANG_WARN_BOOL_CONVERSION = YES;
				CLANG_WARN_CONSTANT_CONVERSION = YES;
				CLANG_WARN_DIRECT_OBJC_ISA_USAGE = YES_ERROR;
				CLANG_WARN_DOCUMENTATION_COMMENTS = YES;
				CLANG_WARN_EMPTY_BODY = YES;
				CLANG_WARN_ENUM_CONVERSION = YES;
				CLANG_WARN_INFINITE_RECURSION = YES;
				CLANG_WARN_INT_CONVERSION = YES;
				CLANG_WARN_OBJC_ROOT_CLASS = YES_ERROR;
				CLANG_WARN_SUSPICIOUS_MOVE = YES;
				CLANG_WARN_SUSPICIOUS_MOVES = YES;
				CLANG_WARN_UNREACHABLE_CODE = YES;
				CLANG_WARN__DUPLICATE_METHOD_MATCH = YES;
				"CODE_SIGN_IDENTITY[sdk=iphoneos*]" = "iPhone Developer";
				COPY_PHASE_STRIP = NO;
				DEBUG_INFORMATION_FORMAT = dwarf;
				ENABLE_STRICT_OBJC_MSGSEND = YES;
				ENABLE_TESTABILITY = YES;
				GCC_C_LANGUAGE_STANDARD = gnu99;
				GCC_DYNAMIC_NO_PIC = NO;
				GCC_NO_COMMON_BLOCKS = YES;
				GCC_OPTIMIZATION_LEVEL = 0;
				GCC_PREPROCESSOR_DEFINITIONS = (
					"DEBUG=1",
					"$(inherited)",
				);
				GCC_WARN_64_TO_32_BIT_CONVERSION = YES;
				GCC_WARN_ABOUT_RETURN_TYPE = YES_ERROR;
				GCC_WARN_UNDECLARED_SELECTOR = YES;
				GCC_WARN_UNINITIALIZED_AUTOS = YES_AGGRESSIVE;
				GCC_WARN_UNUSED_FUNCTION = YES;
				GCC_WARN_UNUSED_VARIABLE = YES;
				IPHONEOS_DEPLOYMENT_TARGET = 9.0;
				MTL_ENABLE_DEBUG_INFO = YES;
				ONLY_ACTIVE_ARCH = YES;
				SDKROOT = iphoneos;
				SWIFT_ACTIVE_COMPILATION_CONDITIONS = DEBUG;
				SWIFT_OPTIMIZATION_LEVEL = "-Onone";
			};
			name = Debug;
		};
		756E17591DAE59830007F40A /* Release */ = {
			isa = XCBuildConfiguration;
			buildSettings = {
				ALWAYS_SEARCH_USER_PATHS = NO;
				CLANG_ANALYZER_NONNULL = YES;
				CLANG_CXX_LANGUAGE_STANDARD = "gnu++0x";
				CLANG_CXX_LIBRARY = "libc++";
				CLANG_ENABLE_MODULES = YES;
				CLANG_ENABLE_OBJC_ARC = YES;
				CLANG_WARN_BOOL_CONVERSION = YES;
				CLANG_WARN_CONSTANT_CONVERSION = YES;
				CLANG_WARN_DIRECT_OBJC_ISA_USAGE = YES_ERROR;
				CLANG_WARN_DOCUMENTATION_COMMENTS = YES;
				CLANG_WARN_EMPTY_BODY = YES;
				CLANG_WARN_ENUM_CONVERSION = YES;
				CLANG_WARN_INFINITE_RECURSION = YES;
				CLANG_WARN_INT_CONVERSION = YES;
				CLANG_WARN_OBJC_ROOT_CLASS = YES_ERROR;
				CLANG_WARN_SUSPICIOUS_MOVE = YES;
				CLANG_WARN_SUSPICIOUS_MOVES = YES;
				CLANG_WARN_UNREACHABLE_CODE = YES;
				CLANG_WARN__DUPLICATE_METHOD_MATCH = YES;
				"CODE_SIGN_IDENTITY[sdk=iphoneos*]" = "iPhone Developer";
				COPY_PHASE_STRIP = NO;
				DEBUG_INFORMATION_FORMAT = "dwarf-with-dsym";
				ENABLE_NS_ASSERTIONS = NO;
				ENABLE_STRICT_OBJC_MSGSEND = YES;
				GCC_C_LANGUAGE_STANDARD = gnu99;
				GCC_NO_COMMON_BLOCKS = YES;
				GCC_WARN_64_TO_32_BIT_CONVERSION = YES;
				GCC_WARN_ABOUT_RETURN_TYPE = YES_ERROR;
				GCC_WARN_UNDECLARED_SELECTOR = YES;
				GCC_WARN_UNINITIALIZED_AUTOS = YES_AGGRESSIVE;
				GCC_WARN_UNUSED_FUNCTION = YES;
				GCC_WARN_UNUSED_VARIABLE = YES;
				IPHONEOS_DEPLOYMENT_TARGET = 9.0;
				MTL_ENABLE_DEBUG_INFO = NO;
				SDKROOT = iphoneos;
				SWIFT_OPTIMIZATION_LEVEL = "-Owholemodule";
				VALIDATE_PRODUCT = YES;
			};
			name = Release;
		};
		756E175B1DAE59830007F40A /* Debug */ = {
			isa = XCBuildConfiguration;
			baseConfigurationReference = AE0520570968BCBA5A0D047F /* Pods-Bliss-Assignement.debug.xcconfig */;
			buildSettings = {
				ALWAYS_EMBED_SWIFT_STANDARD_LIBRARIES = YES;
				ASSETCATALOG_COMPILER_APPICON_NAME = AppIcon;
				INFOPLIST_FILE = "Bliss-Assignement/Info.plist";
				LD_RUNPATH_SEARCH_PATHS = "$(inherited) @executable_path/Frameworks";
				PRODUCT_BUNDLE_IDENTIFIER = "com.jm.Bliss-Assignement";
				PRODUCT_NAME = "$(TARGET_NAME)";
				SWIFT_VERSION = 2.3;
				TARGETED_DEVICE_FAMILY = "1,2";
			};
			name = Debug;
		};
		756E175C1DAE59830007F40A /* Release */ = {
			isa = XCBuildConfiguration;
			baseConfigurationReference = 1C436F714513BD01079016C8 /* Pods-Bliss-Assignement.release.xcconfig */;
			buildSettings = {
				ALWAYS_EMBED_SWIFT_STANDARD_LIBRARIES = YES;
				ASSETCATALOG_COMPILER_APPICON_NAME = AppIcon;
				INFOPLIST_FILE = "Bliss-Assignement/Info.plist";
				LD_RUNPATH_SEARCH_PATHS = "$(inherited) @executable_path/Frameworks";
				PRODUCT_BUNDLE_IDENTIFIER = "com.jm.Bliss-Assignement";
				PRODUCT_NAME = "$(TARGET_NAME)";
				SWIFT_VERSION = 2.3;
				TARGETED_DEVICE_FAMILY = "1,2";
			};
			name = Release;
		};
/* End XCBuildConfiguration section */

/* Begin XCConfigurationList section */
		756E17431DAE59830007F40A /* Build configuration list for PBXProject "Bliss-Assignement" */ = {
			isa = XCConfigurationList;
			buildConfigurations = (
				756E17581DAE59830007F40A /* Debug */,
				756E17591DAE59830007F40A /* Release */,
			);
			defaultConfigurationIsVisible = 0;
			defaultConfigurationName = Release;
		};
		756E175A1DAE59830007F40A /* Build configuration list for PBXNativeTarget "Bliss-Assignement" */ = {
			isa = XCConfigurationList;
			buildConfigurations = (
				756E175B1DAE59830007F40A /* Debug */,
				756E175C1DAE59830007F40A /* Release */,
			);
			defaultConfigurationIsVisible = 0;
			defaultConfigurationName = Release;
		};
/* End XCConfigurationList section */
	};
	rootObject = 756E17401DAE59830007F40A /* Project object */;
}
